
Microsoft Visual Studio Solution File, Format Version 12.00
# Visual Studio 15
VisualStudioVersion = 15.0.27703.2035
MinimumVisualStudioVersion = 10.0.40219.1
Project("{FAE04EC0-301F-11D3-BF4B-00C04F79EFBC}") = "Password Expiry Tray 2", "Password Expiry Tray 2\Password Expiry Tray 2.csproj", "{47254CCE-80B2-46D4-9360-E093519EEFE9}"
EndProject
Project("{FAE04EC0-301F-11D3-BF4B-00C04F79EFBC}") = "ActiveDirectoryUtilityLibrary", "..\ActiveDirectoryUtilityLibrary\ActiveDirectoryUtilityLibrary.csproj", "{ED3273A5-4B92-4B53-A29C-EA717D465E64}"
EndProject
Project("{54435603-DBB4-11D2-8724-00A0C9A8B90C}") = "Password Expiry Tray 2 Setup", "Password Expiry Tray 2 Setup\Password Expiry Tray 2 Setup.vdproj", "{36D4F2EF-5876-41A0-B691-48B64A4C4DBA}"
EndProject
Project("{2150E333-8FDC-42A3-9474-1A3956D46DE8}") = "Images", "Images", "{84C4CE87-FE43-438C-8209-59E99535A349}"
	ProjectSection(SolutionItems) = preProject
		Images\PET Capture 1.PNG = Images\PET Capture 1.PNG
		Images\PET Capture 1B.PNG = Images\PET Capture 1B.PNG
		Images\PET Capture 2.PNG = Images\PET Capture 2.PNG
		Images\PET Capture 3.PNG = Images\PET Capture 3.PNG
		Images\PET Capture 4.PNG = Images\PET Capture 4.PNG
		Images\PET Capture 5.PNG = Images\PET Capture 5.PNG
		Images\PET Capture 6.PNG = Images\PET Capture 6.PNG
		Images\PET Capture 7.PNG = Images\PET Capture 7.PNG
		Images\PET Setup 1.PNG = Images\PET Setup 1.PNG
		Images\PET Setup 2.PNG = Images\PET Setup 2.PNG
		Images\PET Setup 3.PNG = Images\PET Setup 3.PNG
		Images\PET Setup 5.PNG = Images\PET Setup 5.PNG
	EndProjectSection
EndProject
Global
	GlobalSection(SolutionConfigurationPlatforms) = preSolution
		64-bit|Any CPU = 64-bit|Any CPU
		64-bit|x64 = 64-bit|x64
		Debug|Any CPU = Debug|Any CPU
		Debug|x64 = Debug|x64
		Release|Any CPU = Release|Any CPU
		Release|x64 = Release|x64
	EndGlobalSection
	GlobalSection(ProjectConfigurationPlatforms) = postSolution
		{47254CCE-80B2-46D4-9360-E093519EEFE9}.64-bit|Any CPU.ActiveCfg = Release|Any CPU
		{47254CCE-80B2-46D4-9360-E093519EEFE9}.64-bit|Any CPU.Build.0 = Release|Any CPU
		{47254CCE-80B2-46D4-9360-E093519EEFE9}.64-bit|x64.ActiveCfg = Release|Any CPU
		{47254CCE-80B2-46D4-9360-E093519EEFE9}.64-bit|x64.Build.0 = Release|Any CPU
		{47254CCE-80B2-46D4-9360-E093519EEFE9}.Debug|Any CPU.ActiveCfg = Debug|Any CPU
		{47254CCE-80B2-46D4-9360-E093519EEFE9}.Debug|Any CPU.Build.0 = Debug|Any CPU
		{47254CCE-80B2-46D4-9360-E093519EEFE9}.Debug|x64.ActiveCfg = Debug|Any CPU
		{47254CCE-80B2-46D4-9360-E093519EEFE9}.Debug|x64.Build.0 = Debug|Any CPU
		{47254CCE-80B2-46D4-9360-E093519EEFE9}.Release|Any CPU.ActiveCfg = Release|Any CPU
		{47254CCE-80B2-46D4-9360-E093519EEFE9}.Release|Any CPU.Build.0 = Release|Any CPU
		{47254CCE-80B2-46D4-9360-E093519EEFE9}.Release|x64.ActiveCfg = Release|Any CPU
		{47254CCE-80B2-46D4-9360-E093519EEFE9}.Release|x64.Build.0 = Release|Any CPU
		{ED3273A5-4B92-4B53-A29C-EA717D465E64}.64-bit|Any CPU.ActiveCfg = 64-bit|Any CPU
		{ED3273A5-4B92-4B53-A29C-EA717D465E64}.64-bit|Any CPU.Build.0 = 64-bit|Any CPU
		{ED3273A5-4B92-4B53-A29C-EA717D465E64}.64-bit|x64.ActiveCfg = 64-bit|x64
		{ED3273A5-4B92-4B53-A29C-EA717D465E64}.64-bit|x64.Build.0 = 64-bit|x64
		{ED3273A5-4B92-4B53-A29C-EA717D465E64}.Debug|Any CPU.ActiveCfg = Debug|Any CPU
		{ED3273A5-4B92-4B53-A29C-EA717D465E64}.Debug|Any CPU.Build.0 = Debug|Any CPU
		{ED3273A5-4B92-4B53-A29C-EA717D465E64}.Debug|x64.ActiveCfg = Debug|x64
		{ED3273A5-4B92-4B53-A29C-EA717D465E64}.Debug|x64.Build.0 = Debug|x64
		{ED3273A5-4B92-4B53-A29C-EA717D465E64}.Release|Any CPU.ActiveCfg = Release|Any CPU
		{ED3273A5-4B92-4B53-A29C-EA717D465E64}.Release|Any CPU.Build.0 = Release|Any CPU
		{ED3273A5-4B92-4B53-A29C-EA717D465E64}.Release|x64.ActiveCfg = Release|x64
		{ED3273A5-4B92-4B53-A29C-EA717D465E64}.Release|x64.Build.0 = Release|x64
		{36D4F2EF-5876-41A0-B691-48B64A4C4DBA}.64-bit|Any CPU.ActiveCfg = Release
		{36D4F2EF-5876-41A0-B691-48B64A4C4DBA}.64-bit|x64.ActiveCfg = Release
		{36D4F2EF-5876-41A0-B691-48B64A4C4DBA}.Debug|Any CPU.ActiveCfg = Debug
		{36D4F2EF-5876-41A0-B691-48B64A4C4DBA}.Debug|x64.ActiveCfg = Debug
		{36D4F2EF-5876-41A0-B691-48B64A4C4DBA}.Release|Any CPU.ActiveCfg = Release
		{36D4F2EF-5876-41A0-B691-48B64A4C4DBA}.Release|x64.ActiveCfg = Release
	EndGlobalSection
	GlobalSection(SolutionProperties) = preSolution
		HideSolutionNode = FALSE
	EndGlobalSection
	GlobalSection(ExtensibilityGlobals) = postSolution
		SolutionGuid = {D8233047-969E-475B-B1CD-AF8D59828D24}
	EndGlobalSection
EndGlobal
